
Microsoft Visual Studio Solution File, Format Version 12.00
# Visual Studio Version 17
VisualStudioVersion = 17.3.32929.385
MinimumVisualStudioVersion = 10.0.40219.1
Project("{FAE04EC0-301F-11D3-BF4B-00C04F79EFBC}") = "Entities", "ReCapProject\Entities.csproj", "{BEA96D47-4E94-42D1-A821-B647914A7EDB}"
EndProject
Project("{FAE04EC0-301F-11D3-BF4B-00C04F79EFBC}") = "DataAccess", "DataAccess\DataAccess.csproj", "{50F3DB4D-A3F4-470E-B59C-16645AFC7D20}"
EndProject
Project("{FAE04EC0-301F-11D3-BF4B-00C04F79EFBC}") = "Core", "Core\Core.csproj", "{C1AF9734-FCE7-455F-93B8-B840E11391FA}"
EndProject
Project("{FAE04EC0-301F-11D3-BF4B-00C04F79EFBC}") = "Business", "Business\Business.csproj", "{7FE4D2F8-33F7-4183-8B58-12FC20762322}"
EndProject
Project("{FAE04EC0-301F-11D3-BF4B-00C04F79EFBC}") = "ConsoleUI", "ConsoleUI\ConsoleUI.csproj", "{164615B2-341E-442E-9E3B-17ED876F7BBC}"
EndProject
Project("{FAE04EC0-301F-11D3-BF4B-00C04F79EFBC}") = "WepAPI", "WepAPI\WepAPI.csproj", "{F1F7F47A-DA0A-4A1F-9DFD-61698C616410}"
EndProject
Global
	GlobalSection(SolutionConfigurationPlatforms) = preSolution
		Debug|Any CPU = Debug|Any CPU
		Release|Any CPU = Release|Any CPU
	EndGlobalSection
	GlobalSection(ProjectConfigurationPlatforms) = postSolution
		{BEA96D47-4E94-42D1-A821-B647914A7EDB}.Debug|Any CPU.ActiveCfg = Debug|Any CPU
		{BEA96D47-4E94-42D1-A821-B647914A7EDB}.Debug|Any CPU.Build.0 = Debug|Any CPU
		{BEA96D47-4E94-42D1-A821-B647914A7EDB}.Release|Any CPU.ActiveCfg = Release|Any CPU
		{BEA96D47-4E94-42D1-A821-B647914A7EDB}.Release|Any CPU.Build.0 = Release|Any CPU
		{50F3DB4D-A3F4-470E-B59C-16645AFC7D20}.Debug|Any CPU.ActiveCfg = Debug|Any CPU
		{50F3DB4D-A3F4-470E-B59C-16645AFC7D20}.Debug|Any CPU.Build.0 = Debug|Any CPU
		{50F3DB4D-A3F4-470E-B59C-16645AFC7D20}.Release|Any CPU.ActiveCfg = Release|Any CPU
		{50F3DB4D-A3F4-470E-B59C-16645AFC7D20}.Release|Any CPU.Build.0 = Release|Any CPU
		{C1AF9734-FCE7-455F-93B8-B840E11391FA}.Debug|Any CPU.ActiveCfg = Debug|Any CPU
		{C1AF9734-FCE7-455F-93B8-B840E11391FA}.Debug|Any CPU.Build.0 = Debug|Any CPU
		{C1AF9734-FCE7-455F-93B8-B840E11391FA}.Release|Any CPU.ActiveCfg = Release|Any CPU
		{C1AF9734-FCE7-455F-93B8-B840E11391FA}.Release|Any CPU.Build.0 = Release|Any CPU
		{7FE4D2F8-33F7-4183-8B58-12FC20762322}.Debug|Any CPU.ActiveCfg = Debug|Any CPU
		{7FE4D2F8-33F7-4183-8B58-12FC20762322}.Debug|Any CPU.Build.0 = Debug|Any CPU
		{7FE4D2F8-33F7-4183-8B58-12FC20762322}.Release|Any CPU.ActiveCfg = Release|Any CPU
		{7FE4D2F8-33F7-4183-8B58-12FC20762322}.Release|Any CPU.Build.0 = Release|Any CPU
		{164615B2-341E-442E-9E3B-17ED876F7BBC}.Debug|Any CPU.ActiveCfg = Debug|Any CPU
		{164615B2-341E-442E-9E3B-17ED876F7BBC}.Debug|Any CPU.Build.0 = Debug|Any CPU
		{164615B2-341E-442E-9E3B-17ED876F7BBC}.Release|Any CPU.ActiveCfg = Release|Any CPU
		{164615B2-341E-442E-9E3B-17ED876F7BBC}.Release|Any CPU.Build.0 = Release|Any CPU
		{F1F7F47A-DA0A-4A1F-9DFD-61698C616410}.Debug|Any CPU.ActiveCfg = Debug|Any CPU
		{F1F7F47A-DA0A-4A1F-9DFD-61698C616410}.Debug|Any CPU.Build.0 = Debug|Any CPU
		{F1F7F47A-DA0A-4A1F-9DFD-61698C616410}.Release|Any CPU.ActiveCfg = Release|Any CPU
		{F1F7F47A-DA0A-4A1F-9DFD-61698C616410}.Release|Any CPU.Build.0 = Release|Any CPU
	EndGlobalSection
	GlobalSection(SolutionProperties) = preSolution
		HideSolutionNode = FALSE
	EndGlobalSection
	GlobalSection(ExtensibilityGlobals) = postSolution
		SolutionGuid = {B9B624A7-EB77-4A96-BD86-6ABA0D4386EC}
	EndGlobalSection
EndGlobal
